
Microsoft Visual Studio Solution File, Format Version 12.00
# Visual Studio Version 17
VisualStudioVersion = 17.9.34723.18
MinimumVisualStudioVersion = 10.0.40219.1
Project("{FAE04EC0-301F-11D3-BF4B-00C04F79EFBC}") = "Futbol_Insight_Jobs", "Futbol_Insight_Jobs.csproj", "{C69D5F86-7C36-4BA2-8467-6D0066149E77}"
EndProject
Global
	GlobalSection(SolutionConfigurationPlatforms) = preSolution
		Debug|Any CPU = Debug|Any CPU
		Release|Any CPU = Release|Any CPU
	EndGlobalSection
	GlobalSection(ProjectConfigurationPlatforms) = postSolution
		{C69D5F86-7C36-4BA2-8467-6D0066149E77}.Debug|Any CPU.ActiveCfg = Debug|Any CPU
		{C69D5F86-7C36-4BA2-8467-6D0066149E77}.Debug|Any CPU.Build.0 = Debug|Any CPU
		{C69D5F86-7C36-4BA2-8467-6D0066149E77}.Release|Any CPU.ActiveCfg = Release|Any CPU
		{C69D5F86-7C36-4BA2-8467-6D0066149E77}.Release|Any CPU.Build.0 = Release|Any CPU
	EndGlobalSection
	GlobalSection(SolutionProperties) = preSolution
		HideSolutionNode = FALSE
	EndGlobalSection
	GlobalSection(ExtensibilityGlobals) = postSolution
		SolutionGuid = {25A5C852-09DA-4F04-B55A-64896C02D6AC}
	EndGlobalSection
EndGlobal
