
Microsoft Visual Studio Solution File, Format Version 12.00
# Visual Studio Version 17
VisualStudioVersion = 17.9.34723.18
MinimumVisualStudioVersion = 10.0.40219.1
Project("{9A19103F-16F7-4668-BE54-9A1E7A4F7556}") = "Futbol_Insight_Jobs", "Futbol_Insight_Jobs.csproj", "{C69D5F86-7C36-4BA2-8467-6D0066149E77}"
EndProject
Project("{9A19103F-16F7-4668-BE54-9A1E7A4F7556}") = "LogServiceYiDev", "..\..\LogServiceYiDev\LogServiceYiDev.csproj", "{723E8D12-FF72-459E-A6AA-072DBEA5DEBD}"
EndProject
Project("{9A19103F-16F7-4668-BE54-9A1E7A4F7556}") = "EncryptorService", "..\..\EncryptorService\EncryptorService.csproj", "{A5EF31DB-F539-4B6C-8875-EF0B123CE606}"
EndProject
Global
	GlobalSection(SolutionConfigurationPlatforms) = preSolution
		Debug|Any CPU = Debug|Any CPU
		Debug|x64 = Debug|x64
		Release|Any CPU = Release|Any CPU
		Release|x64 = Release|x64
	EndGlobalSection
	GlobalSection(ProjectConfigurationPlatforms) = postSolution
		{C69D5F86-7C36-4BA2-8467-6D0066149E77}.Debug|Any CPU.ActiveCfg = Debug|Any CPU
		{C69D5F86-7C36-4BA2-8467-6D0066149E77}.Debug|Any CPU.Build.0 = Debug|Any CPU
		{C69D5F86-7C36-4BA2-8467-6D0066149E77}.Debug|x64.ActiveCfg = Debug|Any CPU
		{C69D5F86-7C36-4BA2-8467-6D0066149E77}.Debug|x64.Build.0 = Debug|Any CPU
		{C69D5F86-7C36-4BA2-8467-6D0066149E77}.Release|Any CPU.ActiveCfg = Release|Any CPU
		{C69D5F86-7C36-4BA2-8467-6D0066149E77}.Release|Any CPU.Build.0 = Release|Any CPU
		{C69D5F86-7C36-4BA2-8467-6D0066149E77}.Release|x64.ActiveCfg = Release|Any CPU
		{C69D5F86-7C36-4BA2-8467-6D0066149E77}.Release|x64.Build.0 = Release|Any CPU
		{723E8D12-FF72-459E-A6AA-072DBEA5DEBD}.Debug|Any CPU.ActiveCfg = Debug|Any CPU
		{723E8D12-FF72-459E-A6AA-072DBEA5DEBD}.Debug|Any CPU.Build.0 = Debug|Any CPU
		{723E8D12-FF72-459E-A6AA-072DBEA5DEBD}.Debug|x64.ActiveCfg = Debug|Any CPU
		{723E8D12-FF72-459E-A6AA-072DBEA5DEBD}.Debug|x64.Build.0 = Debug|Any CPU
		{723E8D12-FF72-459E-A6AA-072DBEA5DEBD}.Release|Any CPU.ActiveCfg = Release|Any CPU
		{723E8D12-FF72-459E-A6AA-072DBEA5DEBD}.Release|Any CPU.Build.0 = Release|Any CPU
		{723E8D12-FF72-459E-A6AA-072DBEA5DEBD}.Release|x64.ActiveCfg = Release|Any CPU
		{723E8D12-FF72-459E-A6AA-072DBEA5DEBD}.Release|x64.Build.0 = Release|Any CPU
		{A5EF31DB-F539-4B6C-8875-EF0B123CE606}.Debug|Any CPU.ActiveCfg = Debug|Any CPU
		{A5EF31DB-F539-4B6C-8875-EF0B123CE606}.Debug|Any CPU.Build.0 = Debug|Any CPU
		{A5EF31DB-F539-4B6C-8875-EF0B123CE606}.Debug|x64.ActiveCfg = Debug|x64
		{A5EF31DB-F539-4B6C-8875-EF0B123CE606}.Debug|x64.Build.0 = Debug|x64
		{A5EF31DB-F539-4B6C-8875-EF0B123CE606}.Release|Any CPU.ActiveCfg = Release|Any CPU
		{A5EF31DB-F539-4B6C-8875-EF0B123CE606}.Release|Any CPU.Build.0 = Release|Any CPU
		{A5EF31DB-F539-4B6C-8875-EF0B123CE606}.Release|x64.ActiveCfg = Release|x64
		{A5EF31DB-F539-4B6C-8875-EF0B123CE606}.Release|x64.Build.0 = Release|x64
	EndGlobalSection
	GlobalSection(SolutionProperties) = preSolution
		HideSolutionNode = FALSE
	EndGlobalSection
	GlobalSection(ExtensibilityGlobals) = postSolution
		SolutionGuid = {25A5C852-09DA-4F04-B55A-64896C02D6AC}
	EndGlobalSection
EndGlobal
